// !$*UTF8*$!
{
	archiveVersion = 1;
	classes = {
	};
	objectVersion = 55;
	objects = {

/* Begin PBXBuildFile section */
		CF11C0D128AD62A90059F5E2 /* todo.txt in Resources */ = {isa = PBXBuildFile; fileRef = CF11C0D028AD62A90059F5E2 /* todo.txt */; };
		CF2193E628988B6300F36410 /* StringExtensions.swift in Sources */ = {isa = PBXBuildFile; fileRef = CF2193E528988B6300F36410 /* StringExtensions.swift */; };
		CF7878B22896C85C00730BB4 /* StaveLineView.swift in Sources */ = {isa = PBXBuildFile; fileRef = CF7878B12896C85C00730BB4 /* StaveLineView.swift */; };
		CF7878B42896CAD200730BB4 /* ImageRenderView.swift in Sources */ = {isa = PBXBuildFile; fileRef = CF7878B32896CAD200730BB4 /* ImageRenderView.swift */; };
		CF92F0CF28983E5F004937F7 /* StaveView.swift in Sources */ = {isa = PBXBuildFile; fileRef = CF92F0CE28983E5F004937F7 /* StaveView.swift */; };
		CF92F0D128984087004937F7 /* Duration.swift in Sources */ = {isa = PBXBuildFile; fileRef = CF92F0D028984087004937F7 /* Duration.swift */; };
		CF92F0D328984F6D004937F7 /* PitchesDictionary.swift in Sources */ = {isa = PBXBuildFile; fileRef = CF92F0D228984F6D004937F7 /* PitchesDictionary.swift */; };
		CF93456128ABF907000DF9C8 /* LevelView.swift in Sources */ = {isa = PBXBuildFile; fileRef = CF93456028ABF907000DF9C8 /* LevelView.swift */; };
		CFB37B31287577780004087A /* NoteView.swift in Sources */ = {isa = PBXBuildFile; fileRef = CFB37B30287577780004087A /* NoteView.swift */; };
		CFEF501228B3F00D00CC03C4 /* levels.json in Resources */ = {isa = PBXBuildFile; fileRef = CFEF501128B3F00D00CC03C4 /* levels.json */; };
		CFEF501428B3F13B00CC03C4 /* Levels.swift in Sources */ = {isa = PBXBuildFile; fileRef = CFEF501328B3F13B00CC03C4 /* Levels.swift */; };
		CFEF501628B3F34B00CC03C4 /* BundleExtensions.swift in Sources */ = {isa = PBXBuildFile; fileRef = CFEF501528B3F34B00CC03C4 /* BundleExtensions.swift */; };
		CFF8D306286F857900B04330 /* notesApp.swift in Sources */ = {isa = PBXBuildFile; fileRef = CFF8D305286F857900B04330 /* notesApp.swift */; };
		CFF8D308286F857900B04330 /* GameView.swift in Sources */ = {isa = PBXBuildFile; fileRef = CFF8D307286F857900B04330 /* GameView.swift */; };
		CFF8D30A286F857A00B04330 /* Assets.xcassets in Resources */ = {isa = PBXBuildFile; fileRef = CFF8D309286F857A00B04330 /* Assets.xcassets */; };
		CFF8D30D286F857A00B04330 /* Preview Assets.xcassets in Resources */ = {isa = PBXBuildFile; fileRef = CFF8D30C286F857A00B04330 /* Preview Assets.xcassets */; };
/* End PBXBuildFile section */

/* Begin PBXFileReference section */
		CF11C0D028AD62A90059F5E2 /* todo.txt */ = {isa = PBXFileReference; lastKnownFileType = text; path = todo.txt; sourceTree = "<group>"; };
		CF2193E528988B6300F36410 /* StringExtensions.swift */ = {isa = PBXFileReference; lastKnownFileType = sourcecode.swift; path = StringExtensions.swift; sourceTree = "<group>"; };
		CF7878B12896C85C00730BB4 /* StaveLineView.swift */ = {isa = PBXFileReference; lastKnownFileType = sourcecode.swift; path = StaveLineView.swift; sourceTree = "<group>"; };
		CF7878B32896CAD200730BB4 /* ImageRenderView.swift */ = {isa = PBXFileReference; lastKnownFileType = sourcecode.swift; path = ImageRenderView.swift; sourceTree = "<group>"; };
		CF92F0CE28983E5F004937F7 /* StaveView.swift */ = {isa = PBXFileReference; lastKnownFileType = sourcecode.swift; path = StaveView.swift; sourceTree = "<group>"; };
		CF92F0D028984087004937F7 /* Duration.swift */ = {isa = PBXFileReference; lastKnownFileType = sourcecode.swift; path = Duration.swift; sourceTree = "<group>"; };
		CF92F0D228984F6D004937F7 /* PitchesDictionary.swift */ = {isa = PBXFileReference; lastKnownFileType = sourcecode.swift; path = PitchesDictionary.swift; sourceTree = "<group>"; };
		CF93456028ABF907000DF9C8 /* LevelView.swift */ = {isa = PBXFileReference; lastKnownFileType = sourcecode.swift; path = LevelView.swift; sourceTree = "<group>"; };
		CFB37B30287577780004087A /* NoteView.swift */ = {isa = PBXFileReference; lastKnownFileType = sourcecode.swift; path = NoteView.swift; sourceTree = "<group>"; };
		CFEF501128B3F00D00CC03C4 /* levels.json */ = {isa = PBXFileReference; lastKnownFileType = text.json; path = levels.json; sourceTree = "<group>"; };
		CFEF501328B3F13B00CC03C4 /* Levels.swift */ = {isa = PBXFileReference; lastKnownFileType = sourcecode.swift; path = Levels.swift; sourceTree = "<group>"; };
		CFEF501528B3F34B00CC03C4 /* BundleExtensions.swift */ = {isa = PBXFileReference; lastKnownFileType = sourcecode.swift; path = BundleExtensions.swift; sourceTree = "<group>"; };
		CFF8D302286F857900B04330 /* experiment wiht offset.app */ = {isa = PBXFileReference; explicitFileType = wrapper.application; includeInIndex = 0; path = "experiment wiht offset.app"; sourceTree = BUILT_PRODUCTS_DIR; };
		CFF8D305286F857900B04330 /* notesApp.swift */ = {isa = PBXFileReference; lastKnownFileType = sourcecode.swift; path = notesApp.swift; sourceTree = "<group>"; };
		CFF8D307286F857900B04330 /* GameView.swift */ = {isa = PBXFileReference; lastKnownFileType = sourcecode.swift; path = GameView.swift; sourceTree = "<group>"; };
		CFF8D309286F857A00B04330 /* Assets.xcassets */ = {isa = PBXFileReference; lastKnownFileType = folder.assetcatalog; path = Assets.xcassets; sourceTree = "<group>"; };
		CFF8D30C286F857A00B04330 /* Preview Assets.xcassets */ = {isa = PBXFileReference; lastKnownFileType = folder.assetcatalog; path = "Preview Assets.xcassets"; sourceTree = "<group>"; };
/* End PBXFileReference section */

/* Begin PBXFrameworksBuildPhase section */
		CFF8D2FF286F857900B04330 /* Frameworks */ = {
			isa = PBXFrameworksBuildPhase;
			buildActionMask = 2147483647;
			files = (
			);
			runOnlyForDeploymentPostprocessing = 0;
		};
/* End PBXFrameworksBuildPhase section */

/* Begin PBXGroup section */
		CFF8D2F9286F857900B04330 = {
			isa = PBXGroup;
			children = (
				CFF8D304286F857900B04330 /* notes */,
				CFF8D303286F857900B04330 /* Products */,
			);
			sourceTree = "<group>";
		};
		CFF8D303286F857900B04330 /* Products */ = {
			isa = PBXGroup;
			children = (
				CFF8D302286F857900B04330 /* experiment wiht offset.app */,
			);
			name = Products;
			sourceTree = "<group>";
		};
		CFF8D304286F857900B04330 /* notes */ = {
			isa = PBXGroup;
			children = (
				CFF8D305286F857900B04330 /* notesApp.swift */,
				CF93456028ABF907000DF9C8 /* LevelView.swift */,
				CFF8D307286F857900B04330 /* GameView.swift */,
				CF92F0CE28983E5F004937F7 /* StaveView.swift */,
				CF7878B12896C85C00730BB4 /* StaveLineView.swift */,
				CFB37B30287577780004087A /* NoteView.swift */,
				CF7878B32896CAD200730BB4 /* ImageRenderView.swift */,
				CF92F0D028984087004937F7 /* Duration.swift */,
				CF92F0D228984F6D004937F7 /* PitchesDictionary.swift */,
				CF2193E528988B6300F36410 /* StringExtensions.swift */,
				CFEF501528B3F34B00CC03C4 /* BundleExtensions.swift */,
				CFEF501328B3F13B00CC03C4 /* Levels.swift */,
				CFEF501128B3F00D00CC03C4 /* levels.json */,
				CF11C0D028AD62A90059F5E2 /* todo.txt */,
				CFF8D309286F857A00B04330 /* Assets.xcassets */,
				CFF8D30B286F857A00B04330 /* Preview Content */,
			);
			path = notes;
			sourceTree = "<group>";
		};
		CFF8D30B286F857A00B04330 /* Preview Content */ = {
			isa = PBXGroup;
			children = (
				CFF8D30C286F857A00B04330 /* Preview Assets.xcassets */,
			);
			path = "Preview Content";
			sourceTree = "<group>";
		};
/* End PBXGroup section */

/* Begin PBXNativeTarget section */
		CFF8D301286F857900B04330 /* experiment wiht offset */ = {
			isa = PBXNativeTarget;
			buildConfigurationList = CFF8D310286F857A00B04330 /* Build configuration list for PBXNativeTarget "experiment wiht offset" */;
			buildPhases = (
				CFF8D2FE286F857900B04330 /* Sources */,
				CFF8D2FF286F857900B04330 /* Frameworks */,
				CFF8D300286F857900B04330 /* Resources */,
			);
			buildRules = (
			);
			dependencies = (
			);
			name = "experiment wiht offset";
			productName = "experiment wiht offset";
			productReference = CFF8D302286F857900B04330 /* experiment wiht offset.app */;
			productType = "com.apple.product-type.application";
		};
/* End PBXNativeTarget section */

/* Begin PBXProject section */
		CFF8D2FA286F857900B04330 /* Project object */ = {
			isa = PBXProject;
			attributes = {
				BuildIndependentTargetsInParallel = 1;
				LastSwiftUpdateCheck = 1340;
				LastUpgradeCheck = 1340;
				TargetAttributes = {
					CFF8D301286F857900B04330 = {
						CreatedOnToolsVersion = 13.4;
					};
				};
			};
			buildConfigurationList = CFF8D2FD286F857900B04330 /* Build configuration list for PBXProject "notes" */;
			compatibilityVersion = "Xcode 13.0";
			developmentRegion = en;
			hasScannedForEncodings = 0;
			knownRegions = (
				en,
				Base,
			);
			mainGroup = CFF8D2F9286F857900B04330;
			productRefGroup = CFF8D303286F857900B04330 /* Products */;
			projectDirPath = "";
			projectRoot = "";
			targets = (
				CFF8D301286F857900B04330 /* experiment wiht offset */,
			);
		};
/* End PBXProject section */

/* Begin PBXResourcesBuildPhase section */
		CFF8D300286F857900B04330 /* Resources */ = {
			isa = PBXResourcesBuildPhase;
			buildActionMask = 2147483647;
			files = (
				CFF8D30D286F857A00B04330 /* Preview Assets.xcassets in Resources */,
				CF11C0D128AD62A90059F5E2 /* todo.txt in Resources */,
				CFEF501228B3F00D00CC03C4 /* levels.json in Resources */,
				CFF8D30A286F857A00B04330 /* Assets.xcassets in Resources */,
			);
			runOnlyForDeploymentPostprocessing = 0;
		};
/* End PBXResourcesBuildPhase section */

/* Begin PBXSourcesBuildPhase section */
		CFF8D2FE286F857900B04330 /* Sources */ = {
			isa = PBXSourcesBuildPhase;
			buildActionMask = 2147483647;
			files = (
				CF92F0D328984F6D004937F7 /* PitchesDictionary.swift in Sources */,
				CF92F0CF28983E5F004937F7 /* StaveView.swift in Sources */,
				CF7878B42896CAD200730BB4 /* ImageRenderView.swift in Sources */,
				CF2193E628988B6300F36410 /* StringExtensions.swift in Sources */,
				CFF8D308286F857900B04330 /* GameView.swift in Sources */,
				CFEF501628B3F34B00CC03C4 /* BundleExtensions.swift in Sources */,
				CF7878B22896C85C00730BB4 /* StaveLineView.swift in Sources */,
				CFEF501428B3F13B00CC03C4 /* Levels.swift in Sources */,
				CFB37B31287577780004087A /* NoteView.swift in Sources */,
				CF92F0D128984087004937F7 /* Duration.swift in Sources */,
				CFF8D306286F857900B04330 /* notesApp.swift in Sources */,
				CF93456128ABF907000DF9C8 /* LevelView.swift in Sources */,
			);
			runOnlyForDeploymentPostprocessing = 0;
		};
/* End PBXSourcesBuildPhase section */

/* Begin XCBuildConfiguration section */
		CFF8D30E286F857A00B04330 /* Debug */ = {
			isa = XCBuildConfiguration;
			buildSettings = {
				ALWAYS_SEARCH_USER_PATHS = NO;
				CLANG_ANALYZER_NONNULL = YES;
				CLANG_ANALYZER_NUMBER_OBJECT_CONVERSION = YES_AGGRESSIVE;
				CLANG_CXX_LANGUAGE_STANDARD = "gnu++17";
				CLANG_ENABLE_MODULES = YES;
				CLANG_ENABLE_OBJC_ARC = YES;
				CLANG_ENABLE_OBJC_WEAK = YES;
				CLANG_WARN_BLOCK_CAPTURE_AUTORELEASING = YES;
				CLANG_WARN_BOOL_CONVERSION = YES;
				CLANG_WARN_COMMA = YES;
				CLANG_WARN_CONSTANT_CONVERSION = YES;
				CLANG_WARN_DEPRECATED_OBJC_IMPLEMENTATIONS = YES;
				CLANG_WARN_DIRECT_OBJC_ISA_USAGE = YES_ERROR;
				CLANG_WARN_DOCUMENTATION_COMMENTS = YES;
				CLANG_WARN_EMPTY_BODY = YES;
				CLANG_WARN_ENUM_CONVERSION = YES;
				CLANG_WARN_INFINITE_RECURSION = YES;
				CLANG_WARN_INT_CONVERSION = YES;
				CLANG_WARN_NON_LITERAL_NULL_CONVERSION = YES;
				CLANG_WARN_OBJC_IMPLICIT_RETAIN_SELF = YES;
				CLANG_WARN_OBJC_LITERAL_CONVERSION = YES;
				CLANG_WARN_OBJC_ROOT_CLASS = YES_ERROR;
				CLANG_WARN_QUOTED_INCLUDE_IN_FRAMEWORK_HEADER = YES;
				CLANG_WARN_RANGE_LOOP_ANALYSIS = YES;
				CLANG_WARN_STRICT_PROTOTYPES = YES;
				CLANG_WARN_SUSPICIOUS_MOVE = YES;
				CLANG_WARN_UNGUARDED_AVAILABILITY = YES_AGGRESSIVE;
				CLANG_WARN_UNREACHABLE_CODE = YES;
				CLANG_WARN__DUPLICATE_METHOD_MATCH = YES;
				COPY_PHASE_STRIP = NO;
				DEBUG_INFORMATION_FORMAT = dwarf;
				ENABLE_STRICT_OBJC_MSGSEND = YES;
				ENABLE_TESTABILITY = YES;
				GCC_C_LANGUAGE_STANDARD = gnu11;
				GCC_DYNAMIC_NO_PIC = NO;
				GCC_NO_COMMON_BLOCKS = YES;
				GCC_OPTIMIZATION_LEVEL = 0;
				GCC_PREPROCESSOR_DEFINITIONS = (
					"DEBUG=1",
					"$(inherited)",
				);
				GCC_WARN_64_TO_32_BIT_CONVERSION = YES;
				GCC_WARN_ABOUT_RETURN_TYPE = YES_ERROR;
				GCC_WARN_UNDECLARED_SELECTOR = YES;
				GCC_WARN_UNINITIALIZED_AUTOS = YES_AGGRESSIVE;
				GCC_WARN_UNUSED_FUNCTION = YES;
				GCC_WARN_UNUSED_VARIABLE = YES;
				IPHONEOS_DEPLOYMENT_TARGET = 15.5;
				MTL_ENABLE_DEBUG_INFO = INCLUDE_SOURCE;
				MTL_FAST_MATH = YES;
				ONLY_ACTIVE_ARCH = YES;
				SDKROOT = iphoneos;
				SWIFT_ACTIVE_COMPILATION_CONDITIONS = DEBUG;
				SWIFT_OPTIMIZATION_LEVEL = "-Onone";
			};
			name = Debug;
		};
		CFF8D30F286F857A00B04330 /* Release */ = {
			isa = XCBuildConfiguration;
			buildSettings = {
				ALWAYS_SEARCH_USER_PATHS = NO;
				CLANG_ANALYZER_NONNULL = YES;
				CLANG_ANALYZER_NUMBER_OBJECT_CONVERSION = YES_AGGRESSIVE;
				CLANG_CXX_LANGUAGE_STANDARD = "gnu++17";
				CLANG_ENABLE_MODULES = YES;
				CLANG_ENABLE_OBJC_ARC = YES;
				CLANG_ENABLE_OBJC_WEAK = YES;
				CLANG_WARN_BLOCK_CAPTURE_AUTORELEASING = YES;
				CLANG_WARN_BOOL_CONVERSION = YES;
				CLANG_WARN_COMMA = YES;
				CLANG_WARN_CONSTANT_CONVERSION = YES;
				CLANG_WARN_DEPRECATED_OBJC_IMPLEMENTATIONS = YES;
				CLANG_WARN_DIRECT_OBJC_ISA_USAGE = YES_ERROR;
				CLANG_WARN_DOCUMENTATION_COMMENTS = YES;
				CLANG_WARN_EMPTY_BODY = YES;
				CLANG_WARN_ENUM_CONVERSION = YES;
				CLANG_WARN_INFINITE_RECURSION = YES;
				CLANG_WARN_INT_CONVERSION = YES;
				CLANG_WARN_NON_LITERAL_NULL_CONVERSION = YES;
				CLANG_WARN_OBJC_IMPLICIT_RETAIN_SELF = YES;
				CLANG_WARN_OBJC_LITERAL_CONVERSION = YES;
				CLANG_WARN_OBJC_ROOT_CLASS = YES_ERROR;
				CLANG_WARN_QUOTED_INCLUDE_IN_FRAMEWORK_HEADER = YES;
				CLANG_WARN_RANGE_LOOP_ANALYSIS = YES;
				CLANG_WARN_STRICT_PROTOTYPES = YES;
				CLANG_WARN_SUSPICIOUS_MOVE = YES;
				CLANG_WARN_UNGUARDED_AVAILABILITY = YES_AGGRESSIVE;
				CLANG_WARN_UNREACHABLE_CODE = YES;
				CLANG_WARN__DUPLICATE_METHOD_MATCH = YES;
				COPY_PHASE_STRIP = NO;
				DEBUG_INFORMATION_FORMAT = "dwarf-with-dsym";
				ENABLE_NS_ASSERTIONS = NO;
				ENABLE_STRICT_OBJC_MSGSEND = YES;
				GCC_C_LANGUAGE_STANDARD = gnu11;
				GCC_NO_COMMON_BLOCKS = YES;
				GCC_WARN_64_TO_32_BIT_CONVERSION = YES;
				GCC_WARN_ABOUT_RETURN_TYPE = YES_ERROR;
				GCC_WARN_UNDECLARED_SELECTOR = YES;
				GCC_WARN_UNINITIALIZED_AUTOS = YES_AGGRESSIVE;
				GCC_WARN_UNUSED_FUNCTION = YES;
				GCC_WARN_UNUSED_VARIABLE = YES;
				IPHONEOS_DEPLOYMENT_TARGET = 15.5;
				MTL_ENABLE_DEBUG_INFO = NO;
				MTL_FAST_MATH = YES;
				SDKROOT = iphoneos;
				SWIFT_COMPILATION_MODE = wholemodule;
				SWIFT_OPTIMIZATION_LEVEL = "-O";
				VALIDATE_PRODUCT = YES;
			};
			name = Release;
		};
		CFF8D311286F857A00B04330 /* Debug */ = {
			isa = XCBuildConfiguration;
			buildSettings = {
				ASSETCATALOG_COMPILER_APPICON_NAME = AppIcon;
				ASSETCATALOG_COMPILER_GLOBAL_ACCENT_COLOR_NAME = AccentColor;
				CODE_SIGN_STYLE = Automatic;
				CURRENT_PROJECT_VERSION = 1;
				DEVELOPMENT_ASSET_PATHS = "\"notes/Preview Content\"";
				DEVELOPMENT_TEAM = M9MZ2QBJWW;
				ENABLE_PREVIEWS = YES;
				GENERATE_INFOPLIST_FILE = YES;
				INFOPLIST_KEY_UIApplicationSceneManifest_Generation = YES;
				INFOPLIST_KEY_UIApplicationSupportsIndirectInputEvents = YES;
				INFOPLIST_KEY_UILaunchScreen_Generation = YES;
				INFOPLIST_KEY_UISupportedInterfaceOrientations_iPad = "UIInterfaceOrientationPortrait UIInterfaceOrientationPortraitUpsideDown UIInterfaceOrientationLandscapeLeft UIInterfaceOrientationLandscapeRight";
				INFOPLIST_KEY_UISupportedInterfaceOrientations_iPhone = "UIInterfaceOrientationPortrait UIInterfaceOrientationLandscapeLeft UIInterfaceOrientationLandscapeRight";
				LD_RUNPATH_SEARCH_PATHS = (
					"$(inherited)",
					"@executable_path/Frameworks",
				);
				MARKETING_VERSION = 1.0;
				PRODUCT_BUNDLE_IDENTIFIER = "com.example.experiment-wiht-offset";
				PRODUCT_NAME = "$(TARGET_NAME)";
				SWIFT_EMIT_LOC_STRINGS = YES;
				SWIFT_VERSION = 5.0;
				TARGETED_DEVICE_FAMILY = "1,2";
			};
			name = Debug;
		};
		CFF8D312286F857A00B04330 /* Release */ = {
			isa = XCBuildConfiguration;
			buildSettings = {
				ASSETCATALOG_COMPILER_APPICON_NAME = AppIcon;
				ASSETCATALOG_COMPILER_GLOBAL_ACCENT_COLOR_NAME = AccentColor;
				CODE_SIGN_STYLE = Automatic;
				CURRENT_PROJECT_VERSION = 1;
				DEVELOPMENT_ASSET_PATHS = "\"notes/Preview Content\"";
				DEVELOPMENT_TEAM = M9MZ2QBJWW;
				ENABLE_PREVIEWS = YES;
				GENERATE_INFOPLIST_FILE = YES;
				INFOPLIST_KEY_UIApplicationSceneManifest_Generation = YES;
				INFOPLIST_KEY_UIApplicationSupportsIndirectInputEvents = YES;
				INFOPLIST_KEY_UILaunchScreen_Generation = YES;
				INFOPLIST_KEY_UISupportedInterfaceOrientations_iPad = "UIInterfaceOrientationPortrait UIInterfaceOrientationPortraitUpsideDown UIInterfaceOrientationLandscapeLeft UIInterfaceOrientationLandscapeRight";
				INFOPLIST_KEY_UISupportedInterfaceOrientations_iPhone = "UIInterfaceOrientationPortrait UIInterfaceOrientationLandscapeLeft UIInterfaceOrientationLandscapeRight";
				LD_RUNPATH_SEARCH_PATHS = (
					"$(inherited)",
					"@executable_path/Frameworks",
				);
				MARKETING_VERSION = 1.0;
				PRODUCT_BUNDLE_IDENTIFIER = "com.example.experiment-wiht-offset";
				PRODUCT_NAME = "$(TARGET_NAME)";
				SWIFT_EMIT_LOC_STRINGS = YES;
				SWIFT_VERSION = 5.0;
				TARGETED_DEVICE_FAMILY = "1,2";
			};
			name = Release;
		};
/* End XCBuildConfiguration section */

/* Begin XCConfigurationList section */
		CFF8D2FD286F857900B04330 /* Build configuration list for PBXProject "notes" */ = {
			isa = XCConfigurationList;
			buildConfigurations = (
				CFF8D30E286F857A00B04330 /* Debug */,
				CFF8D30F286F857A00B04330 /* Release */,
			);
			defaultConfigurationIsVisible = 0;
			defaultConfigurationName = Release;
		};
		CFF8D310286F857A00B04330 /* Build configuration list for PBXNativeTarget "experiment wiht offset" */ = {
			isa = XCConfigurationList;
			buildConfigurations = (
				CFF8D311286F857A00B04330 /* Debug */,
				CFF8D312286F857A00B04330 /* Release */,
			);
			defaultConfigurationIsVisible = 0;
			defaultConfigurationName = Release;
		};
/* End XCConfigurationList section */
	};
	rootObject = CFF8D2FA286F857900B04330 /* Project object */;
}
